
Microsoft Visual Studio Solution File, Format Version 12.00
# Visual Studio Version 17
VisualStudioVersion = 17.13.35806.99
MinimumVisualStudioVersion = 10.0.40219.1
Project("{FAE04EC0-301F-11D3-BF4B-00C04F79EFBC}") = "OneDriver.Master.IoLink", "OneDriver.Master.IoLink\OneDriver.Master.IoLink.csproj", "{2AB5D26C-1F3B-43A3-BABF-C6D198BA277D}"
EndProject
Project("{FAE04EC0-301F-11D3-BF4B-00C04F79EFBC}") = "OneDriver.Master.IoLink.Console", "OneDriver.Master.IoLink.Console\OneDriver.Master.IoLink.Console.csproj", "{38C556EB-AF14-45FA-A2F5-B387ECF59D58}"
EndProject
Global
	GlobalSection(SolutionConfigurationPlatforms) = preSolution
		Debug|Any CPU = Debug|Any CPU
		Release|Any CPU = Release|Any CPU
	EndGlobalSection
	GlobalSection(ProjectConfigurationPlatforms) = postSolution
		{2AB5D26C-1F3B-43A3-BABF-C6D198BA277D}.Debug|Any CPU.ActiveCfg = Debug|Any CPU
		{2AB5D26C-1F3B-43A3-BABF-C6D198BA277D}.Debug|Any CPU.Build.0 = Debug|Any CPU
		{2AB5D26C-1F3B-43A3-BABF-C6D198BA277D}.Release|Any CPU.ActiveCfg = Release|Any CPU
		{2AB5D26C-1F3B-43A3-BABF-C6D198BA277D}.Release|Any CPU.Build.0 = Release|Any CPU
		{38C556EB-AF14-45FA-A2F5-B387ECF59D58}.Debug|Any CPU.ActiveCfg = Debug|Any CPU
		{38C556EB-AF14-45FA-A2F5-B387ECF59D58}.Debug|Any CPU.Build.0 = Debug|Any CPU
		{38C556EB-AF14-45FA-A2F5-B387ECF59D58}.Release|Any CPU.ActiveCfg = Release|Any CPU
		{38C556EB-AF14-45FA-A2F5-B387ECF59D58}.Release|Any CPU.Build.0 = Release|Any CPU
	EndGlobalSection
	GlobalSection(SolutionProperties) = preSolution
		HideSolutionNode = FALSE
	EndGlobalSection
	GlobalSection(ExtensibilityGlobals) = postSolution
		SolutionGuid = {F2EA2E92-2A80-4506-9598-62DE87F0BC2A}
	EndGlobalSection
EndGlobal
